
Microsoft Visual Studio Solution File, Format Version 12.00
Project("{FAE04EC0-301F-11D3-BF4B-00C04F79EFBC}") = "Mission5Assignment", "Mission5Assignment.csproj", "{A67FAE43-9ED4-47DB-BBC5-5532A17CAD7B}"
EndProject
Global
	GlobalSection(SolutionConfigurationPlatforms) = preSolution
		Debug|Any CPU = Debug|Any CPU
		Release|Any CPU = Release|Any CPU
	EndGlobalSection
	GlobalSection(ProjectConfigurationPlatforms) = postSolution
		{A67FAE43-9ED4-47DB-BBC5-5532A17CAD7B}.Debug|Any CPU.ActiveCfg = Debug|Any CPU
		{A67FAE43-9ED4-47DB-BBC5-5532A17CAD7B}.Debug|Any CPU.Build.0 = Debug|Any CPU
		{A67FAE43-9ED4-47DB-BBC5-5532A17CAD7B}.Release|Any CPU.ActiveCfg = Release|Any CPU
		{A67FAE43-9ED4-47DB-BBC5-5532A17CAD7B}.Release|Any CPU.Build.0 = Release|Any CPU
	EndGlobalSection
EndGlobal
